
Microsoft Visual Studio Solution File, Format Version 12.00
# Visual Studio Version 16
VisualStudioVersion = 16.0.30611.23
MinimumVisualStudioVersion = 10.0.40219.1
Project("{FAE04EC0-301F-11D3-BF4B-00C04F79EFBC}") = "pethouse", "pethouse.csproj", "{137332BA-A5F4-413F-BAEB-40922675A60C}"
EndProject
Global
	GlobalSection(SolutionConfigurationPlatforms) = preSolution
		Debug|Any CPU = Debug|Any CPU
		Release|Any CPU = Release|Any CPU
	EndGlobalSection
	GlobalSection(ProjectConfigurationPlatforms) = postSolution
		{137332BA-A5F4-413F-BAEB-40922675A60C}.Debug|Any CPU.ActiveCfg = Debug|Any CPU
		{137332BA-A5F4-413F-BAEB-40922675A60C}.Debug|Any CPU.Build.0 = Debug|Any CPU
		{137332BA-A5F4-413F-BAEB-40922675A60C}.Release|Any CPU.ActiveCfg = Release|Any CPU
		{137332BA-A5F4-413F-BAEB-40922675A60C}.Release|Any CPU.Build.0 = Release|Any CPU
	EndGlobalSection
	GlobalSection(SolutionProperties) = preSolution
		HideSolutionNode = FALSE
	EndGlobalSection
	GlobalSection(ExtensibilityGlobals) = postSolution
		SolutionGuid = {776332EF-95A0-436B-B2CB-99B5AA9FF641}
	EndGlobalSection
EndGlobal
